
Microsoft Visual Studio Solution File, Format Version 12.00
# Visual Studio Version 17
VisualStudioVersion = 17.4.33403.182
MinimumVisualStudioVersion = 10.0.40219.1
Project("{FAE04EC0-301F-11D3-BF4B-00C04F79EFBC}") = "PDC03_MODULE03.Android", "PDC03_MODULE03\PDC03_MODULE03.Android\PDC03_MODULE03.Android.csproj", "{21342437-1F68-4888-A815-1723EAE7E7E3}"
EndProject
Project("{FAE04EC0-301F-11D3-BF4B-00C04F79EFBC}") = "PDC03_MODULE03", "PDC03_MODULE03\PDC03_MODULE03\PDC03_MODULE03.csproj", "{F19F75D3-3523-448C-B017-F9CA016A9B38}"
EndProject
Global
	GlobalSection(SolutionConfigurationPlatforms) = preSolution
		Debug|Any CPU = Debug|Any CPU
		Release|Any CPU = Release|Any CPU
	EndGlobalSection
	GlobalSection(ProjectConfigurationPlatforms) = postSolution
		{21342437-1F68-4888-A815-1723EAE7E7E3}.Debug|Any CPU.ActiveCfg = Debug|Any CPU
		{21342437-1F68-4888-A815-1723EAE7E7E3}.Debug|Any CPU.Build.0 = Debug|Any CPU
		{21342437-1F68-4888-A815-1723EAE7E7E3}.Debug|Any CPU.Deploy.0 = Debug|Any CPU
		{21342437-1F68-4888-A815-1723EAE7E7E3}.Release|Any CPU.ActiveCfg = Release|Any CPU
		{21342437-1F68-4888-A815-1723EAE7E7E3}.Release|Any CPU.Build.0 = Release|Any CPU
		{21342437-1F68-4888-A815-1723EAE7E7E3}.Release|Any CPU.Deploy.0 = Release|Any CPU
		{F19F75D3-3523-448C-B017-F9CA016A9B38}.Debug|Any CPU.ActiveCfg = Debug|Any CPU
		{F19F75D3-3523-448C-B017-F9CA016A9B38}.Debug|Any CPU.Build.0 = Debug|Any CPU
		{F19F75D3-3523-448C-B017-F9CA016A9B38}.Debug|Any CPU.Deploy.0 = Debug|Any CPU
		{F19F75D3-3523-448C-B017-F9CA016A9B38}.Release|Any CPU.ActiveCfg = Release|Any CPU
		{F19F75D3-3523-448C-B017-F9CA016A9B38}.Release|Any CPU.Build.0 = Release|Any CPU
		{F19F75D3-3523-448C-B017-F9CA016A9B38}.Release|Any CPU.Deploy.0 = Release|Any CPU
	EndGlobalSection
	GlobalSection(SolutionProperties) = preSolution
		HideSolutionNode = FALSE
	EndGlobalSection
	GlobalSection(ExtensibilityGlobals) = postSolution
		SolutionGuid = {5CB2F3BD-F24E-47A2-A712-BEFF77915EFA}
	EndGlobalSection
EndGlobal
